
Microsoft Visual Studio Solution File, Format Version 12.00
# Visual Studio Version 17
Project("{2150E333-8FDC-42A3-9474-1A3956D46DE8}") = "CMakePredefinedTargets", "CMakePredefinedTargets", "{D5F7C5CE-1523-3627-9F50-265583C61C7A}"
EndProject
Project("{2150E333-8FDC-42A3-9474-1A3956D46DE8}") = "GLFW3", "GLFW3", "{648EEFEA-AD57-327A-97FC-C4A7C11169F7}"
EndProject
Project("{8BC9CEB8-8B4A-11D0-8D11-00A0C91BC942}") = "GBEmu", "GBEmu.vcxproj", "{F3663AA9-8606-3D3A-B75B-AFD456892D28}"
	ProjectSection(ProjectDependencies) = postProject
		{4B9F0B38-9D39-3FDC-8BD9-836F8190D40C} = {4B9F0B38-9D39-3FDC-8BD9-836F8190D40C}
		{07F71DD8-EDA4-3AA8-9B8E-7F98023DEF4D} = {07F71DD8-EDA4-3AA8-9B8E-7F98023DEF4D}
	EndProjectSection
EndProject
Project("{8BC9CEB8-8B4A-11D0-8D11-00A0C91BC942}") = "ALL_BUILD", "ALL_BUILD.vcxproj", "{BBACDF20-4658-3DCA-9A99-E0148A47332C}"
	ProjectSection(ProjectDependencies) = postProject
		{F3663AA9-8606-3D3A-B75B-AFD456892D28} = {F3663AA9-8606-3D3A-B75B-AFD456892D28}
		{4B9F0B38-9D39-3FDC-8BD9-836F8190D40C} = {4B9F0B38-9D39-3FDC-8BD9-836F8190D40C}
		{07F71DD8-EDA4-3AA8-9B8E-7F98023DEF4D} = {07F71DD8-EDA4-3AA8-9B8E-7F98023DEF4D}
	EndProjectSection
EndProject
Project("{8BC9CEB8-8B4A-11D0-8D11-00A0C91BC942}") = "INSTALL", "INSTALL.vcxproj", "{256A79E8-9177-3FBE-BC54-1B2A9A63E1FE}"
	ProjectSection(ProjectDependencies) = postProject
		{BBACDF20-4658-3DCA-9A99-E0148A47332C} = {BBACDF20-4658-3DCA-9A99-E0148A47332C}
		{4B9F0B38-9D39-3FDC-8BD9-836F8190D40C} = {4B9F0B38-9D39-3FDC-8BD9-836F8190D40C}
	EndProjectSection
EndProject
Project("{8BC9CEB8-8B4A-11D0-8D11-00A0C91BC942}") = "ZERO_CHECK", "ZERO_CHECK.vcxproj", "{4B9F0B38-9D39-3FDC-8BD9-836F8190D40C}"
	ProjectSection(ProjectDependencies) = postProject
	EndProjectSection
EndProject
Project("{8BC9CEB8-8B4A-11D0-8D11-00A0C91BC942}") = "glfw", "vendor\glfw\src\glfw.vcxproj", "{07F71DD8-EDA4-3AA8-9B8E-7F98023DEF4D}"
	ProjectSection(ProjectDependencies) = postProject
		{4B9F0B38-9D39-3FDC-8BD9-836F8190D40C} = {4B9F0B38-9D39-3FDC-8BD9-836F8190D40C}
	EndProjectSection
EndProject
Project("{8BC9CEB8-8B4A-11D0-8D11-00A0C91BC942}") = "uninstall", "vendor\glfw\uninstall.vcxproj", "{E4A1C52D-0089-3859-A0C1-E5974DF897C8}"
	ProjectSection(ProjectDependencies) = postProject
		{4B9F0B38-9D39-3FDC-8BD9-836F8190D40C} = {4B9F0B38-9D39-3FDC-8BD9-836F8190D40C}
	EndProjectSection
EndProject
Project("{8BC9CEB8-8B4A-11D0-8D11-00A0C91BC942}") = "update_mappings", "vendor\glfw\src\update_mappings.vcxproj", "{26711582-8AE6-37CD-89E9-A8ECD3978644}"
	ProjectSection(ProjectDependencies) = postProject
		{4B9F0B38-9D39-3FDC-8BD9-836F8190D40C} = {4B9F0B38-9D39-3FDC-8BD9-836F8190D40C}
	EndProjectSection
EndProject
Global
	GlobalSection(SolutionConfigurationPlatforms) = preSolution
		Debug|x64 = Debug|x64
		Release|x64 = Release|x64
		MinSizeRel|x64 = MinSizeRel|x64
		RelWithDebInfo|x64 = RelWithDebInfo|x64
	EndGlobalSection
	GlobalSection(ProjectConfigurationPlatforms) = postSolution
		{F3663AA9-8606-3D3A-B75B-AFD456892D28}.Debug|x64.ActiveCfg = Debug|x64
		{F3663AA9-8606-3D3A-B75B-AFD456892D28}.Debug|x64.Build.0 = Debug|x64
		{F3663AA9-8606-3D3A-B75B-AFD456892D28}.Release|x64.ActiveCfg = Release|x64
		{F3663AA9-8606-3D3A-B75B-AFD456892D28}.Release|x64.Build.0 = Release|x64
		{F3663AA9-8606-3D3A-B75B-AFD456892D28}.MinSizeRel|x64.ActiveCfg = MinSizeRel|x64
		{F3663AA9-8606-3D3A-B75B-AFD456892D28}.MinSizeRel|x64.Build.0 = MinSizeRel|x64
		{F3663AA9-8606-3D3A-B75B-AFD456892D28}.RelWithDebInfo|x64.ActiveCfg = RelWithDebInfo|x64
		{F3663AA9-8606-3D3A-B75B-AFD456892D28}.RelWithDebInfo|x64.Build.0 = RelWithDebInfo|x64
		{BBACDF20-4658-3DCA-9A99-E0148A47332C}.Debug|x64.ActiveCfg = Debug|x64
		{BBACDF20-4658-3DCA-9A99-E0148A47332C}.Debug|x64.Build.0 = Debug|x64
		{BBACDF20-4658-3DCA-9A99-E0148A47332C}.Release|x64.ActiveCfg = Release|x64
		{BBACDF20-4658-3DCA-9A99-E0148A47332C}.Release|x64.Build.0 = Release|x64
		{BBACDF20-4658-3DCA-9A99-E0148A47332C}.MinSizeRel|x64.ActiveCfg = MinSizeRel|x64
		{BBACDF20-4658-3DCA-9A99-E0148A47332C}.MinSizeRel|x64.Build.0 = MinSizeRel|x64
		{BBACDF20-4658-3DCA-9A99-E0148A47332C}.RelWithDebInfo|x64.ActiveCfg = RelWithDebInfo|x64
		{BBACDF20-4658-3DCA-9A99-E0148A47332C}.RelWithDebInfo|x64.Build.0 = RelWithDebInfo|x64
		{256A79E8-9177-3FBE-BC54-1B2A9A63E1FE}.Debug|x64.ActiveCfg = Debug|x64
		{256A79E8-9177-3FBE-BC54-1B2A9A63E1FE}.Release|x64.ActiveCfg = Release|x64
		{256A79E8-9177-3FBE-BC54-1B2A9A63E1FE}.MinSizeRel|x64.ActiveCfg = MinSizeRel|x64
		{256A79E8-9177-3FBE-BC54-1B2A9A63E1FE}.RelWithDebInfo|x64.ActiveCfg = RelWithDebInfo|x64
		{4B9F0B38-9D39-3FDC-8BD9-836F8190D40C}.Debug|x64.ActiveCfg = Debug|x64
		{4B9F0B38-9D39-3FDC-8BD9-836F8190D40C}.Debug|x64.Build.0 = Debug|x64
		{4B9F0B38-9D39-3FDC-8BD9-836F8190D40C}.Release|x64.ActiveCfg = Release|x64
		{4B9F0B38-9D39-3FDC-8BD9-836F8190D40C}.Release|x64.Build.0 = Release|x64
		{4B9F0B38-9D39-3FDC-8BD9-836F8190D40C}.MinSizeRel|x64.ActiveCfg = MinSizeRel|x64
		{4B9F0B38-9D39-3FDC-8BD9-836F8190D40C}.MinSizeRel|x64.Build.0 = MinSizeRel|x64
		{4B9F0B38-9D39-3FDC-8BD9-836F8190D40C}.RelWithDebInfo|x64.ActiveCfg = RelWithDebInfo|x64
		{4B9F0B38-9D39-3FDC-8BD9-836F8190D40C}.RelWithDebInfo|x64.Build.0 = RelWithDebInfo|x64
		{07F71DD8-EDA4-3AA8-9B8E-7F98023DEF4D}.Debug|x64.ActiveCfg = Debug|x64
		{07F71DD8-EDA4-3AA8-9B8E-7F98023DEF4D}.Debug|x64.Build.0 = Debug|x64
		{07F71DD8-EDA4-3AA8-9B8E-7F98023DEF4D}.Release|x64.ActiveCfg = Release|x64
		{07F71DD8-EDA4-3AA8-9B8E-7F98023DEF4D}.Release|x64.Build.0 = Release|x64
		{07F71DD8-EDA4-3AA8-9B8E-7F98023DEF4D}.MinSizeRel|x64.ActiveCfg = MinSizeRel|x64
		{07F71DD8-EDA4-3AA8-9B8E-7F98023DEF4D}.MinSizeRel|x64.Build.0 = MinSizeRel|x64
		{07F71DD8-EDA4-3AA8-9B8E-7F98023DEF4D}.RelWithDebInfo|x64.ActiveCfg = RelWithDebInfo|x64
		{07F71DD8-EDA4-3AA8-9B8E-7F98023DEF4D}.RelWithDebInfo|x64.Build.0 = RelWithDebInfo|x64
		{E4A1C52D-0089-3859-A0C1-E5974DF897C8}.Debug|x64.ActiveCfg = Debug|x64
		{E4A1C52D-0089-3859-A0C1-E5974DF897C8}.Release|x64.ActiveCfg = Release|x64
		{E4A1C52D-0089-3859-A0C1-E5974DF897C8}.MinSizeRel|x64.ActiveCfg = MinSizeRel|x64
		{E4A1C52D-0089-3859-A0C1-E5974DF897C8}.RelWithDebInfo|x64.ActiveCfg = RelWithDebInfo|x64
		{26711582-8AE6-37CD-89E9-A8ECD3978644}.Debug|x64.ActiveCfg = Debug|x64
		{26711582-8AE6-37CD-89E9-A8ECD3978644}.Release|x64.ActiveCfg = Release|x64
		{26711582-8AE6-37CD-89E9-A8ECD3978644}.MinSizeRel|x64.ActiveCfg = MinSizeRel|x64
		{26711582-8AE6-37CD-89E9-A8ECD3978644}.RelWithDebInfo|x64.ActiveCfg = RelWithDebInfo|x64
	EndGlobalSection
	GlobalSection(NestedProjects) = preSolution
		{BBACDF20-4658-3DCA-9A99-E0148A47332C} = {D5F7C5CE-1523-3627-9F50-265583C61C7A}
		{256A79E8-9177-3FBE-BC54-1B2A9A63E1FE} = {D5F7C5CE-1523-3627-9F50-265583C61C7A}
		{4B9F0B38-9D39-3FDC-8BD9-836F8190D40C} = {D5F7C5CE-1523-3627-9F50-265583C61C7A}
		{07F71DD8-EDA4-3AA8-9B8E-7F98023DEF4D} = {648EEFEA-AD57-327A-97FC-C4A7C11169F7}
		{E4A1C52D-0089-3859-A0C1-E5974DF897C8} = {648EEFEA-AD57-327A-97FC-C4A7C11169F7}
		{26711582-8AE6-37CD-89E9-A8ECD3978644} = {648EEFEA-AD57-327A-97FC-C4A7C11169F7}
	EndGlobalSection
	GlobalSection(ExtensibilityGlobals) = postSolution
		SolutionGuid = {214FB16C-2669-3B17-B4D5-D808C6B9A914}
	EndGlobalSection
	GlobalSection(ExtensibilityAddIns) = postSolution
	EndGlobalSection
EndGlobal
